<?xml version="1.0" encoding="utf-8"?>
<Project ToolsVersion="4.0" xmlns="http://schemas.microsoft.com/developer/msbuild/2003">
  <ItemGroup>
    <Filter Include="core">
      <UniqueIdentifier>{b9cab609-fb11-4255-b4bc-3f97af9985c2}</UniqueIdentifier>
    </Filter>
    <Filter Include="desktop">
      <UniqueIdentifier>{a274afcf-7444-4303-a8b3-84f60b14ef27}</UniqueIdentifier>
    </Filter>
    <Filter Include="desktop\imgui">
      <UniqueIdentifier>{f56ba34b-67f5-4ba9-96a3-be41c763a189}</UniqueIdentifier>
    </Filter>
    <Filter Include="desktop\imgui\fonts">
      <UniqueIdentifier>{6b508547-0939-4d07-8c18-a65e6f5f1d91}</UniqueIdentifier>
    </Filter>
    <Filter Include="desktop\mini">
      <UniqueIdentifier>{69db12c2-86c4-44d0-bd5d-f7edb5acd897}</UniqueIdentifier>
    </Filter>
    <Filter Include="desktop\stb">
      <UniqueIdentifier>{7a4208bd-f38a-463e-aba5-d23f60b7333d}</UniqueIdentifier>
    </Filter>
    <Filter Include="core\miniz">
      <UniqueIdentifier>{9de1416f-42b2-4737-a80f-85bffb2f2bd9}</UniqueIdentifier>
    </Filter>
    <Filter Include="desktop\mcp">
      <UniqueIdentifier>{a3b8c9d0-e1f2-3a4b-5c6d-7e8f9a0b1c2d}</UniqueIdentifier>
    </Filter>
    <Filter Include="desktop\vscode">
      <UniqueIdentifier>{c4d5e6f7-a8b9-4c0d-8e1f-2a3b4c5d6e7f}</UniqueIdentifier>
    </Filter>
  </ItemGroup>
  <ItemGroup>
    <ClInclude Include="..\shared\desktop\application.h">
      <Filter>desktop</Filter>
    </ClInclude>
    <ClInclude Include="..\shared\desktop\application_headless.h">
      <Filter>desktop</Filter>
    </ClInclude>
    <ClInclude Include="..\shared\desktop\events.h">
      <Filter>desktop</Filter>
    </ClInclude>
    <ClInclude Include="..\shared\desktop\backers.h">
      <Filter>desktop</Filter>
    </ClInclude>
    <ClInclude Include="..\shared\desktop\config.h">
      <Filter>desktop</Filter>
    </ClInclude>
    <ClInclude Include="..\shared\desktop\console_utils.h">
      <Filter>desktop</Filter>
    </ClInclude>
    <ClInclude Include="..\shared\desktop\emu.h">
      <Filter>desktop</Filter>
    </ClInclude>
    <ClInclude Include="..\shared\desktop\gui.h">
      <Filter>desktop</Filter>
    </ClInclude>
    <ClInclude Include="..\shared\desktop\gui_actions.h">
      <Filter>desktop</Filter>
    </ClInclude>
    <ClInclude Include="..\shared\desktop\rewind.h">
      <Filter>desktop</Filter>
    </ClInclude>
    <ClInclude Include="..\shared\desktop\runahead.h">
      <Filter>desktop</Filter>
    </ClInclude>
    <ClInclude Include="..\shared\desktop\gui_debug.h">
      <Filter>desktop</Filter>
    </ClInclude>
    <ClInclude Include="..\shared\desktop\gui_debug_constants.h">
      <Filter>desktop</Filter>
    </ClInclude>
    <ClInclude Include="..\shared\desktop\gui_debug_disassembler.h">
      <Filter>desktop</Filter>
    </ClInclude>
    <ClInclude Include="..\shared\desktop\gui_debug_eeprom.h">
      <Filter>desktop</Filter>
    </ClInclude>
    <ClInclude Include="..\shared\desktop\gui_debug_cart.h">
      <Filter>desktop</Filter>
    </ClInclude>
    <ClInclude Include="..\shared\desktop\gui_debug_rewind.h">
      <Filter>desktop</Filter>
    </ClInclude>
    <ClInclude Include="..\shared\desktop\gui_debug_scb_viewer.h">
      <Filter>desktop</Filter>
    </ClInclude>
    <ClInclude Include="..\shared\desktop\gui_debug_lcd.h">
      <Filter>desktop</Filter>
    </ClInclude>
    <ClInclude Include="..\shared\desktop\gui_debug_m6502.h">
      <Filter>desktop</Filter>
    </ClInclude>
    <ClInclude Include="..\shared\desktop\gui_debug_memeditor.h">
      <Filter>desktop</Filter>
    </ClInclude>
    <ClInclude Include="..\shared\desktop\gui_debug_memory.h">
      <Filter>desktop</Filter>
    </ClInclude>
    <ClInclude Include="..\shared\desktop\gui_debug_mikey.h">
      <Filter>desktop</Filter>
    </ClInclude>
    <ClInclude Include="..\shared\desktop\gui_debug_psg.h">
      <Filter>desktop</Filter>
    </ClInclude>
    <ClInclude Include="..\shared\desktop\gui_debug_suzy.h">
      <Filter>desktop</Filter>
    </ClInclude>
    <ClInclude Include="..\shared\desktop\gui_debug_text.h">
      <Filter>desktop</Filter>
    </ClInclude>
    <ClInclude Include="..\shared\desktop\gui_debug_timers.h">
      <Filter>desktop</Filter>
    </ClInclude>
    <ClInclude Include="..\shared\desktop\gui_debug_trace_logger.h">
      <Filter>desktop</Filter>
    </ClInclude>
    <ClInclude Include="..\shared\desktop\gui_debug_uart.h">
      <Filter>desktop</Filter>
    </ClInclude>
    <ClInclude Include="..\shared\desktop\gui_debug_widgets.h">
      <Filter>desktop</Filter>
    </ClInclude>
    <ClInclude Include="..\shared\desktop\gui_filedialogs.h">
      <Filter>desktop</Filter>
    </ClInclude>
    <ClInclude Include="..\shared\desktop\gui_menus.h">
      <Filter>desktop</Filter>
    </ClInclude>
    <ClInclude Include="..\shared\desktop\gui_popups.h">
      <Filter>desktop</Filter>
    </ClInclude>
    <ClInclude Include="..\shared\desktop\keyboard.h">
      <Filter>desktop</Filter>
    </ClInclude>
    <ClInclude Include="..\shared\desktop\license.h">
      <Filter>desktop</Filter>
    </ClInclude>
    <ClInclude Include="..\shared\desktop\ogl_renderer.h">
      <Filter>desktop</Filter>
    </ClInclude>
    <ClInclude Include="..\shared\desktop\ogl_shader_program.h">
      <Filter>desktop</Filter>
    </ClInclude>
    <ClInclude Include="..\shared\desktop\ogl_shader_chain.h">
      <Filter>desktop</Filter>
    </ClInclude>
    <ClInclude Include="..\shared\desktop\shader_preset.h">
      <Filter>desktop</Filter>
    </ClInclude>
    <ClInclude Include="..\shared\desktop\display.h">
      <Filter>desktop</Filter>
    </ClInclude>
    <ClInclude Include="..\shared\desktop\gamepad.h">
      <Filter>desktop</Filter>
    </ClInclude>
    <ClInclude Include="..\shared\desktop\sound_queue.h">
      <Filter>desktop</Filter>
    </ClInclude>
    <ClInclude Include="..\shared\desktop\vscode\debug_monitor_server.h">
      <Filter>desktop\vscode</Filter>
    </ClInclude>
    <ClInclude Include="..\shared\desktop\vscode\framebuffer_server.h">
      <Filter>desktop\vscode</Filter>
    </ClInclude>
    <ClInclude Include="..\shared\desktop\socket_types.h">
      <Filter>desktop</Filter>
    </ClInclude>
    <ClInclude Include="..\shared\desktop\utils.h">
      <Filter>desktop</Filter>
    </ClInclude>
    <ClInclude Include="..\..\src\audio.h">
      <Filter>core</Filter>
    </ClInclude>
    <ClInclude Include="..\..\src\audio_inline.h">
      <Filter>core</Filter>
    </ClInclude>
    <ClInclude Include="..\..\src\bit_ops.h">
      <Filter>core</Filter>
    </ClInclude>
    <ClInclude Include="..\..\src\bus.h">
      <Filter>core</Filter>
    </ClInclude>
    <ClInclude Include="..\..\src\game_drive.h">
      <Filter>core</Filter>
    </ClInclude>
    <ClInclude Include="..\..\src\game_drive_filesystem.h">
      <Filter>core</Filter>
    </ClInclude>
    <ClInclude Include="..\..\src\game_drive_inline.h">
      <Filter>core</Filter>
    </ClInclude>
    <ClInclude Include="..\..\src\media.h">
      <Filter>core</Filter>
    </ClInclude>
    <ClInclude Include="..\..\src\media_inline.h">
      <Filter>core</Filter>
    </ClInclude>
    <ClInclude Include="..\..\src\eeprom.h">
      <Filter>core</Filter>
    </ClInclude>
    <ClInclude Include="..\..\src\eeprom_inline.h">
      <Filter>core</Filter>
    </ClInclude>
    <ClInclude Include="..\..\src\common.h">
      <Filter>core</Filter>
    </ClInclude>
    <ClInclude Include="..\..\src\crc.h">
      <Filter>core</Filter>
    </ClInclude>
    <ClInclude Include="..\..\src\defines.h">
      <Filter>core</Filter>
    </ClInclude>
    <ClInclude Include="..\..\src\game_db.h">
      <Filter>core</Filter>
    </ClInclude>
    <ClInclude Include="..\..\src\gearlynx.h">
      <Filter>core</Filter>
    </ClInclude>
    <ClInclude Include="..\..\src\gearlynx_core.h">
      <Filter>core</Filter>
    </ClInclude>
    <ClInclude Include="..\..\src\gearlynx_core_inline.h">
      <Filter>core</Filter>
    </ClInclude>
    <ClInclude Include="..\..\src\input.h">
      <Filter>core</Filter>
    </ClInclude>
    <ClInclude Include="..\..\src\input_inline.h">
      <Filter>core</Filter>
    </ClInclude>
    <ClInclude Include="..\..\src\lcd_screen.h">
      <Filter>core</Filter>
    </ClInclude>
    <ClInclude Include="..\..\src\lcd_screen_inline.h">
      <Filter>core</Filter>
    </ClInclude>
    <ClInclude Include="..\..\src\log.h">
      <Filter>core</Filter>
    </ClInclude>
    <ClInclude Include="..\..\src\m6502.h">
      <Filter>core</Filter>
    </ClInclude>
    <ClInclude Include="..\..\src\m6502_inline.h">
      <Filter>core</Filter>
    </ClInclude>
    <ClInclude Include="..\..\src\m6502_names.h">
      <Filter>core</Filter>
    </ClInclude>
    <ClInclude Include="..\..\src\m6502_opcodes_inline.h">
      <Filter>core</Filter>
    </ClInclude>
    <ClInclude Include="..\..\src\m6502_registers.h">
      <Filter>core</Filter>
    </ClInclude>
    <ClInclude Include="..\..\src\m6502_timing.h">
      <Filter>core</Filter>
    </ClInclude>
    <ClInclude Include="..\..\src\memory.h">
      <Filter>core</Filter>
    </ClInclude>
    <ClInclude Include="..\..\src\memory_inline.h">
      <Filter>core</Filter>
    </ClInclude>
    <ClInclude Include="..\..\src\memory_stream.h">
      <Filter>core</Filter>
    </ClInclude>
    <ClInclude Include="..\..\src\mikey.h">
      <Filter>core</Filter>
    </ClInclude>
    <ClInclude Include="..\..\src\mikey_defines.h">
      <Filter>core</Filter>
    </ClInclude>
    <ClInclude Include="..\..\src\mikey_inline.h">
      <Filter>core</Filter>
    </ClInclude>
    <ClInclude Include="..\..\src\no_bios.h">
      <Filter>core</Filter>
    </ClInclude>
    <ClInclude Include="..\..\src\suzy.h">
      <Filter>core</Filter>
    </ClInclude>
    <ClInclude Include="..\..\src\suzy_defines.h">
      <Filter>core</Filter>
    </ClInclude>
    <ClInclude Include="..\..\src\suzy_inline.h">
      <Filter>core</Filter>
    </ClInclude>
    <ClInclude Include="..\..\src\state_serializer.h">
      <Filter>core</Filter>
    </ClInclude>
    <ClInclude Include="..\..\src\vgm_recorder.h">
      <Filter>core</Filter>
    </ClInclude>
    <ClInclude Include="..\..\src\trace_logger.h">
      <Filter>core</Filter>
    </ClInclude>
    <ClInclude Include="..\..\src\types.h">
      <Filter>core</Filter>
    </ClInclude>
    <ClInclude Include="..\shared\desktop\mcp\mcp_debug_adapter.h">
      <Filter>desktop\mcp</Filter>
    </ClInclude>
    <ClInclude Include="..\shared\desktop\mcp\mcp_manager.h">
      <Filter>desktop\mcp</Filter>
    </ClInclude>
    <ClInclude Include="..\shared\desktop\mcp\mcp_server.h">
      <Filter>desktop\mcp</Filter>
    </ClInclude>
    <ClInclude Include="..\shared\desktop\mcp\mcp_transport.h">
      <Filter>desktop\mcp</Filter>
    </ClInclude>
    <ClInclude Include="..\shared\desktop\single_instance.h">
      <Filter>desktop</Filter>
    </ClInclude>
    <ClInclude Include="..\shared\dependencies\miniz\miniz.h" />
    <ClInclude Include="..\shared\dependencies\imgui\fonts\IconsMaterialDesign.h" />
    <ClInclude Include="..\shared\dependencies\imgui\fonts\MaterialIcons.h" />
    <ClInclude Include="..\shared\dependencies\imgui\fonts\RobotoMedium.h" />
    <ClInclude Include="..\shared\dependencies\imgui\imconfig.h" />
    <ClInclude Include="..\shared\dependencies\imgui\imgui.h" />
    <ClInclude Include="..\shared\dependencies\imgui\imgui_impl_opengl3.h" />
    <ClInclude Include="..\shared\dependencies\imgui\imgui_impl_opengl3_loader.h" />
    <ClInclude Include="..\shared\dependencies\imgui\imgui_impl_sdl3.h" />
    <ClInclude Include="..\shared\dependencies\imgui\imgui_internal.h" />
    <ClInclude Include="..\shared\dependencies\imgui\implot.h" />
    <ClInclude Include="..\shared\dependencies\imgui\implot_internal.h" />
    <ClInclude Include="..\shared\dependencies\imgui\imstb_rectpack.h" />
    <ClInclude Include="..\shared\dependencies\imgui\imstb_textedit.h" />
    <ClInclude Include="..\shared\dependencies\imgui\imstb_truetype.h" />
    <ClInclude Include="..\shared\dependencies\mINI\ini.h" />
    <ClInclude Include="..\shared\dependencies\stb\stb_image_write.h" />
  </ItemGroup>
  <ItemGroup>
    <ClCompile Include="..\shared\desktop\application.cpp">
      <Filter>desktop</Filter>
    </ClCompile>
    <ClCompile Include="..\shared\desktop\application_headless.cpp">
      <Filter>desktop</Filter>
    </ClCompile>
    <ClCompile Include="..\shared\desktop\events.cpp">
      <Filter>desktop</Filter>
    </ClCompile>
    <ClCompile Include="..\shared\desktop\config.cpp">
      <Filter>desktop</Filter>
    </ClCompile>
    <ClCompile Include="..\shared\desktop\emu.cpp">
      <Filter>desktop</Filter>
    </ClCompile>
    <ClCompile Include="..\shared\desktop\gui.cpp">
      <Filter>desktop</Filter>
    </ClCompile>
    <ClCompile Include="..\shared\desktop\gui_actions.cpp">
      <Filter>desktop</Filter>
    </ClCompile>
    <ClCompile Include="..\shared\desktop\rewind.cpp">
      <Filter>desktop</Filter>
    </ClCompile>
    <ClCompile Include="..\shared\desktop\runahead.cpp">
      <Filter>desktop</Filter>
    </ClCompile>
    <ClCompile Include="..\shared\desktop\gui_debug.cpp">
      <Filter>desktop</Filter>
    </ClCompile>
    <ClCompile Include="..\shared\desktop\gui_debug_disassembler.cpp">
      <Filter>desktop</Filter>
    </ClCompile>
    <ClCompile Include="..\shared\desktop\gui_debug_eeprom.cpp">
      <Filter>desktop</Filter>
    </ClCompile>
    <ClCompile Include="..\shared\desktop\gui_debug_cart.cpp">
      <Filter>desktop</Filter>
    </ClCompile>
    <ClCompile Include="..\shared\desktop\gui_debug_rewind.cpp">
      <Filter>desktop</Filter>
    </ClCompile>
    <ClCompile Include="..\shared\desktop\gui_debug_scb_viewer.cpp">
      <Filter>desktop</Filter>
    </ClCompile>
    <ClCompile Include="..\shared\desktop\gui_debug_lcd.cpp">
      <Filter>desktop</Filter>
    </ClCompile>
    <ClCompile Include="..\shared\desktop\gui_debug_m6502.cpp">
      <Filter>desktop</Filter>
    </ClCompile>
    <ClCompile Include="..\shared\desktop\gui_debug_memeditor.cpp">
      <Filter>desktop</Filter>
    </ClCompile>
    <ClCompile Include="..\shared\desktop\gui_debug_memory.cpp">
      <Filter>desktop</Filter>
    </ClCompile>
    <ClCompile Include="..\shared\desktop\gui_debug_mikey.cpp">
      <Filter>desktop</Filter>
    </ClCompile>
    <ClCompile Include="..\shared\desktop\gui_debug_psg.cpp">
      <Filter>desktop</Filter>
    </ClCompile>
    <ClCompile Include="..\shared\desktop\gui_debug_suzy.cpp">
      <Filter>desktop</Filter>
    </ClCompile>
    <ClCompile Include="..\shared\desktop\gui_debug_timers.cpp">
      <Filter>desktop</Filter>
    </ClCompile>
    <ClCompile Include="..\shared\desktop\gui_debug_trace_logger.cpp">
      <Filter>desktop</Filter>
    </ClCompile>
    <ClCompile Include="..\shared\desktop\gui_debug_uart.cpp">
      <Filter>desktop</Filter>
    </ClCompile>
    <ClCompile Include="..\shared\desktop\gui_filedialogs.cpp">
      <Filter>desktop</Filter>
    </ClCompile>
    <ClCompile Include="..\shared\desktop\gui_menus.cpp">
      <Filter>desktop</Filter>
    </ClCompile>
    <ClCompile Include="..\shared\desktop\gui_popups.cpp">
      <Filter>desktop</Filter>
    </ClCompile>
    <ClCompile Include="..\shared\desktop\main.cpp">
      <Filter>desktop</Filter>
    </ClCompile>
    <ClCompile Include="..\shared\desktop\ogl_renderer.cpp">
      <Filter>desktop</Filter>
    </ClCompile>
    <ClCompile Include="..\shared\desktop\ogl_shader_program.cpp">
      <Filter>desktop</Filter>
    </ClCompile>
    <ClCompile Include="..\shared\desktop\ogl_shader_chain.cpp">
      <Filter>desktop</Filter>
    </ClCompile>
    <ClCompile Include="..\shared\desktop\shader_preset.cpp">
      <Filter>desktop</Filter>
    </ClCompile>
    <ClCompile Include="..\shared\desktop\display.cpp">
      <Filter>desktop</Filter>
    </ClCompile>
    <ClCompile Include="..\shared\desktop\gamepad.cpp">
      <Filter>desktop</Filter>
    </ClCompile>
    <ClCompile Include="..\shared\desktop\sound_queue.cpp">
      <Filter>desktop</Filter>
    </ClCompile>
    <ClCompile Include="..\shared\desktop\vscode\debug_monitor_server.cpp">
      <Filter>desktop\vscode</Filter>
    </ClCompile>
    <ClCompile Include="..\shared\desktop\vscode\framebuffer_server.cpp">
      <Filter>desktop\vscode</Filter>
    </ClCompile>
    <ClCompile Include="..\..\src\audio.cpp">
      <Filter>core</Filter>
    </ClCompile>
    <ClCompile Include="..\..\src\bus.cpp">
      <Filter>core</Filter>
    </ClCompile>
    <ClCompile Include="..\..\src\game_drive.cpp">
      <Filter>core</Filter>
    </ClCompile>
    <ClCompile Include="..\..\src\game_drive_filesystem_native.cpp">
      <Filter>core</Filter>
    </ClCompile>
    <ClCompile Include="..\..\src\media.cpp">
      <Filter>core</Filter>
    </ClCompile>
    <ClCompile Include="..\..\src\gearlynx_core.cpp">
      <Filter>core</Filter>
    </ClCompile>
    <ClCompile Include="..\..\src\input.cpp">
      <Filter>core</Filter>
    </ClCompile>
    <ClCompile Include="..\..\src\lcd_screen.cpp">
      <Filter>core</Filter>
    </ClCompile>
    <ClCompile Include="..\..\src\m6502.cpp">
      <Filter>core</Filter>
    </ClCompile>
    <ClCompile Include="..\..\src\m6502_functors.cpp">
      <Filter>core</Filter>
    </ClCompile>
    <ClCompile Include="..\..\src\m6502_opcodes.cpp">
      <Filter>core</Filter>
    </ClCompile>
    <ClCompile Include="..\..\src\memory.cpp">
      <Filter>core</Filter>
    </ClCompile>
    <ClCompile Include="..\..\src\mikey.cpp">
      <Filter>core</Filter>
    </ClCompile>
    <ClCompile Include="..\..\src\suzy.cpp">
      <Filter>core</Filter>
    </ClCompile>
    <ClCompile Include="..\..\src\eeprom.cpp">
      <Filter>core</Filter>
    </ClCompile>
    <ClCompile Include="..\..\src\vgm_recorder.cpp">
      <Filter>core</Filter>
    </ClCompile>
    <ClCompile Include="..\..\src\trace_logger.cpp">
      <Filter>core</Filter>
    </ClCompile>
    <ClCompile Include="..\shared\desktop\mcp\mcp_debug_adapter.cpp">
      <Filter>desktop\mcp</Filter>
    </ClCompile>
    <ClCompile Include="..\shared\desktop\mcp\mcp_tool_registry.cpp">
      <Filter>desktop\mcp</Filter>
    </ClCompile>
    <ClCompile Include="..\shared\desktop\mcp\mcp_server.cpp">
      <Filter>desktop\mcp</Filter>
    </ClCompile>
    <ClCompile Include="..\shared\desktop\single_instance.cpp">
      <Filter>desktop</Filter>
    </ClCompile>
    <ClCompile Include="..\shared\dependencies\miniz\miniz.c" />
    <ClCompile Include="..\shared\dependencies\imgui\imgui.cpp" />
    <ClCompile Include="..\shared\dependencies\imgui\imgui_demo.cpp" />
    <ClCompile Include="..\shared\dependencies\imgui\imgui_draw.cpp" />
    <ClCompile Include="..\shared\dependencies\imgui\imgui_impl_opengl3.cpp" />
    <ClCompile Include="..\shared\dependencies\imgui\imgui_impl_sdl3.cpp" />
    <ClCompile Include="..\shared\dependencies\imgui\imgui_tables.cpp" />
    <ClCompile Include="..\shared\dependencies\imgui\imgui_widgets.cpp" />
    <ClCompile Include="..\shared\dependencies\imgui\implot.cpp" />
    <ClCompile Include="..\shared\dependencies\imgui\implot_demo.cpp" />
    <ClCompile Include="..\shared\dependencies\imgui\implot_items.cpp" />
  </ItemGroup>
  <ItemGroup>
    <ResourceCompile Include="Gearlynx.rc" />
  </ItemGroup>
  <ItemGroup>
    <Image Include="Gearlynx.ico" />
  </ItemGroup>
</Project>